
Microsoft Visual Studio Solution File, Format Version 12.00
# Visual Studio 15
VisualStudioVersion = 15.0.28307.1340
MinimumVisualStudioVersion = 10.0.40219.1
Project("{F184B08F-C81C-45F6-A57F-5ABD9991F28F}") = "ByteBank", "ByteBank\ByteBank.vbproj", "{8C9832F6-B63D-4359-932F-F6AF2C255980}"
EndProject
Project("{F184B08F-C81C-45F6-A57F-5ABD9991F28F}") = "AutenticacaoByteBank", "AutenticacaoByteBank\AutenticacaoByteBank.vbproj", "{EE00A667-0ADC-49BB-B9C3-8EAB7F28AF2D}"
EndProject
Global
	GlobalSection(SolutionConfigurationPlatforms) = preSolution
		Debug|Any CPU = Debug|Any CPU
		Release|Any CPU = Release|Any CPU
	EndGlobalSection
	GlobalSection(ProjectConfigurationPlatforms) = postSolution
		{8C9832F6-B63D-4359-932F-F6AF2C255980}.Debug|Any CPU.ActiveCfg = Debug|Any CPU
		{8C9832F6-B63D-4359-932F-F6AF2C255980}.Debug|Any CPU.Build.0 = Debug|Any CPU
		{8C9832F6-B63D-4359-932F-F6AF2C255980}.Release|Any CPU.ActiveCfg = Release|Any CPU
		{8C9832F6-B63D-4359-932F-F6AF2C255980}.Release|Any CPU.Build.0 = Release|Any CPU
		{EE00A667-0ADC-49BB-B9C3-8EAB7F28AF2D}.Debug|Any CPU.ActiveCfg = Debug|Any CPU
		{EE00A667-0ADC-49BB-B9C3-8EAB7F28AF2D}.Debug|Any CPU.Build.0 = Debug|Any CPU
		{EE00A667-0ADC-49BB-B9C3-8EAB7F28AF2D}.Release|Any CPU.ActiveCfg = Release|Any CPU
		{EE00A667-0ADC-49BB-B9C3-8EAB7F28AF2D}.Release|Any CPU.Build.0 = Release|Any CPU
	EndGlobalSection
	GlobalSection(SolutionProperties) = preSolution
		HideSolutionNode = FALSE
	EndGlobalSection
	GlobalSection(ExtensibilityGlobals) = postSolution
		SolutionGuid = {B9609CF1-517E-47EF-8EF9-15D0D8EBA623}
	EndGlobalSection
EndGlobal
